
Microsoft Visual Studio Solution File, Format Version 12.00
# Visual Studio Version 17
VisualStudioVersion = 17.13.35825.156 d17.13
MinimumVisualStudioVersion = 10.0.40219.1
Project("{8BC9CEB8-8B4A-11D0-8D11-00A0C91BC942}") = "112-1", "112-1.vcxproj", "{9102491B-47F8-433F-B507-B7975F4BBABC}"
EndProject
Global
	GlobalSection(SolutionConfigurationPlatforms) = preSolution
		Debug|x64 = Debug|x64
		Debug|x86 = Debug|x86
		Release|x64 = Release|x64
		Release|x86 = Release|x86
	EndGlobalSection
	GlobalSection(ProjectConfigurationPlatforms) = postSolution
		{9102491B-47F8-433F-B507-B7975F4BBABC}.Debug|x64.ActiveCfg = Debug|x64
		{9102491B-47F8-433F-B507-B7975F4BBABC}.Debug|x64.Build.0 = Debug|x64
		{9102491B-47F8-433F-B507-B7975F4BBABC}.Debug|x86.ActiveCfg = Debug|Win32
		{9102491B-47F8-433F-B507-B7975F4BBABC}.Debug|x86.Build.0 = Debug|Win32
		{9102491B-47F8-433F-B507-B7975F4BBABC}.Release|x64.ActiveCfg = Release|x64
		{9102491B-47F8-433F-B507-B7975F4BBABC}.Release|x64.Build.0 = Release|x64
		{9102491B-47F8-433F-B507-B7975F4BBABC}.Release|x86.ActiveCfg = Release|Win32
		{9102491B-47F8-433F-B507-B7975F4BBABC}.Release|x86.Build.0 = Release|Win32
	EndGlobalSection
	GlobalSection(SolutionProperties) = preSolution
		HideSolutionNode = FALSE
	EndGlobalSection
	GlobalSection(ExtensibilityGlobals) = postSolution
		SolutionGuid = {F1F01DF6-06FF-451A-8353-92F8231683E3}
	EndGlobalSection
EndGlobal
