
Microsoft Visual Studio Solution File, Format Version 12.00
# Visual Studio Version 17
VisualStudioVersion = 17.13.35825.156 d17.13
MinimumVisualStudioVersion = 10.0.40219.1
Project("{FAE04EC0-301F-11D3-BF4B-00C04F79EFBC}") = "108-1", "108-1.csproj", "{5A67E5E1-FB5F-4EC9-B5A8-AB1416D0A674}"
EndProject
Global
	GlobalSection(SolutionConfigurationPlatforms) = preSolution
		Debug|Any CPU = Debug|Any CPU
		Release|Any CPU = Release|Any CPU
	EndGlobalSection
	GlobalSection(ProjectConfigurationPlatforms) = postSolution
		{5A67E5E1-FB5F-4EC9-B5A8-AB1416D0A674}.Debug|Any CPU.ActiveCfg = Debug|Any CPU
		{5A67E5E1-FB5F-4EC9-B5A8-AB1416D0A674}.Debug|Any CPU.Build.0 = Debug|Any CPU
		{5A67E5E1-FB5F-4EC9-B5A8-AB1416D0A674}.Release|Any CPU.ActiveCfg = Release|Any CPU
		{5A67E5E1-FB5F-4EC9-B5A8-AB1416D0A674}.Release|Any CPU.Build.0 = Release|Any CPU
	EndGlobalSection
	GlobalSection(SolutionProperties) = preSolution
		HideSolutionNode = FALSE
	EndGlobalSection
	GlobalSection(ExtensibilityGlobals) = postSolution
		SolutionGuid = {A0FF5BF3-1EF5-4C42-988A-EFB5E90B75E4}
	EndGlobalSection
EndGlobal
