
Microsoft Visual Studio Solution File, Format Version 12.00
# Visual Studio Version 17
VisualStudioVersion = 17.13.35825.156 d17.13
MinimumVisualStudioVersion = 10.0.40219.1
Project("{FAE04EC0-301F-11D3-BF4B-00C04F79EFBC}") = "113-1", "113-1.csproj", "{5861795B-1440-47B0-A753-8B94494D940F}"
EndProject
Global
	GlobalSection(SolutionConfigurationPlatforms) = preSolution
		Debug|Any CPU = Debug|Any CPU
		Release|Any CPU = Release|Any CPU
	EndGlobalSection
	GlobalSection(ProjectConfigurationPlatforms) = postSolution
		{5861795B-1440-47B0-A753-8B94494D940F}.Debug|Any CPU.ActiveCfg = Debug|Any CPU
		{5861795B-1440-47B0-A753-8B94494D940F}.Debug|Any CPU.Build.0 = Debug|Any CPU
		{5861795B-1440-47B0-A753-8B94494D940F}.Release|Any CPU.ActiveCfg = Release|Any CPU
		{5861795B-1440-47B0-A753-8B94494D940F}.Release|Any CPU.Build.0 = Release|Any CPU
	EndGlobalSection
	GlobalSection(SolutionProperties) = preSolution
		HideSolutionNode = FALSE
	EndGlobalSection
	GlobalSection(ExtensibilityGlobals) = postSolution
		SolutionGuid = {21EA3A9E-7CE3-4335-A0B4-BD6E1541BE88}
	EndGlobalSection
EndGlobal
